
Microsoft Visual Studio Solution File, Format Version 12.00
# Visual Studio Version 17
VisualStudioVersion = 17.9.34902.65
MinimumVisualStudioVersion = 10.0.40219.1
Project("{FAE04EC0-301F-11D3-BF4B-00C04F79EFBC}") = "acolhequeer", "acolhequeer\acolhequeer.csproj", "{90166D74-2EA0-4132-90CD-AAA0D31528B1}"
EndProject
Global
	GlobalSection(SolutionConfigurationPlatforms) = preSolution
		Debug|Any CPU = Debug|Any CPU
		Release|Any CPU = Release|Any CPU
	EndGlobalSection
	GlobalSection(ProjectConfigurationPlatforms) = postSolution
		{90166D74-2EA0-4132-90CD-AAA0D31528B1}.Debug|Any CPU.ActiveCfg = Debug|Any CPU
		{90166D74-2EA0-4132-90CD-AAA0D31528B1}.Debug|Any CPU.Build.0 = Debug|Any CPU
		{90166D74-2EA0-4132-90CD-AAA0D31528B1}.Release|Any CPU.ActiveCfg = Release|Any CPU
		{90166D74-2EA0-4132-90CD-AAA0D31528B1}.Release|Any CPU.Build.0 = Release|Any CPU
	EndGlobalSection
	GlobalSection(SolutionProperties) = preSolution
		HideSolutionNode = FALSE
	EndGlobalSection
	GlobalSection(ExtensibilityGlobals) = postSolution
		SolutionGuid = {9682E0B8-2E8F-452B-83C9-D087DB190FD1}
	EndGlobalSection
EndGlobal
