
Microsoft Visual Studio Solution File, Format Version 12.00
# Visual Studio Version 17
VisualStudioVersion = 17.9.34902.65
MinimumVisualStudioVersion = 10.0.40219.1
Project("{FAE04EC0-301F-11D3-BF4B-00C04F79EFBC}") = "acolhequeer", "acolhequeer\acolhequeer.csproj", "{52561F6E-58FA-4E2E-B896-31C6D0B7DACE}"
EndProject
Global
	GlobalSection(SolutionConfigurationPlatforms) = preSolution
		Debug|Any CPU = Debug|Any CPU
		Release|Any CPU = Release|Any CPU
	EndGlobalSection
	GlobalSection(ProjectConfigurationPlatforms) = postSolution
		{52561F6E-58FA-4E2E-B896-31C6D0B7DACE}.Debug|Any CPU.ActiveCfg = Debug|Any CPU
		{52561F6E-58FA-4E2E-B896-31C6D0B7DACE}.Debug|Any CPU.Build.0 = Debug|Any CPU
		{52561F6E-58FA-4E2E-B896-31C6D0B7DACE}.Release|Any CPU.ActiveCfg = Release|Any CPU
		{52561F6E-58FA-4E2E-B896-31C6D0B7DACE}.Release|Any CPU.Build.0 = Release|Any CPU
	EndGlobalSection
	GlobalSection(SolutionProperties) = preSolution
		HideSolutionNode = FALSE
	EndGlobalSection
	GlobalSection(ExtensibilityGlobals) = postSolution
		SolutionGuid = {15D89978-AF5F-4BA3-8968-959AB7FEB4E6}
	EndGlobalSection
EndGlobal
